
Microsoft Visual Studio Solution File, Format Version 12.00
# Visual Studio 15
VisualStudioVersion = 15.0.26403.7
MinimumVisualStudioVersion = 10.0.40219.1
Project("{FAE04EC0-301F-11D3-BF4B-00C04F79EFBC}") = "Expression1", "Expression1\Expression1.csproj", "{7123E6FA-402B-4DF1-9EBE-09DAD448855B}"
EndProject
Project("{FAE04EC0-301F-11D3-BF4B-00C04F79EFBC}") = "ConsoleApp1", "ConsoleApp1\ConsoleApp1.csproj", "{D2CB2072-B958-485C-8DC2-26B04AACCCC6}"
EndProject
Global
	GlobalSection(SolutionConfigurationPlatforms) = preSolution
		Debug|Any CPU = Debug|Any CPU
		Release|Any CPU = Release|Any CPU
	EndGlobalSection
	GlobalSection(ProjectConfigurationPlatforms) = postSolution
		{7123E6FA-402B-4DF1-9EBE-09DAD448855B}.Debug|Any CPU.ActiveCfg = Debug|Any CPU
		{7123E6FA-402B-4DF1-9EBE-09DAD448855B}.Debug|Any CPU.Build.0 = Debug|Any CPU
		{7123E6FA-402B-4DF1-9EBE-09DAD448855B}.Release|Any CPU.ActiveCfg = Release|Any CPU
		{7123E6FA-402B-4DF1-9EBE-09DAD448855B}.Release|Any CPU.Build.0 = Release|Any CPU
		{D2CB2072-B958-485C-8DC2-26B04AACCCC6}.Debug|Any CPU.ActiveCfg = Debug|Any CPU
		{D2CB2072-B958-485C-8DC2-26B04AACCCC6}.Debug|Any CPU.Build.0 = Debug|Any CPU
		{D2CB2072-B958-485C-8DC2-26B04AACCCC6}.Release|Any CPU.ActiveCfg = Release|Any CPU
		{D2CB2072-B958-485C-8DC2-26B04AACCCC6}.Release|Any CPU.Build.0 = Release|Any CPU
	EndGlobalSection
	GlobalSection(SolutionProperties) = preSolution
		HideSolutionNode = FALSE
	EndGlobalSection
EndGlobal
